
Microsoft Visual Studio Solution File, Format Version 12.00
# Visual Studio Version 17
VisualStudioVersion = 17.1.32228.430
MinimumVisualStudioVersion = 10.0.40219.1
Project("{FAE04EC0-301F-11D3-BF4B-00C04F79EFBC}") = "BinaryExample", "BinaryExample\BinaryExample.csproj", "{444A1C22-BF6B-4EA8-B747-62B5A5FABB2B}"
EndProject
Project("{FAE04EC0-301F-11D3-BF4B-00C04F79EFBC}") = "XMLExample", "XMLExample\XMLExample.csproj", "{2681CEC0-9647-4EB4-BE2A-2A1C8BF875A6}"
EndProject
Project("{FAE04EC0-301F-11D3-BF4B-00C04F79EFBC}") = "CustomSerialization", "CustomSerialization\CustomSerialization.csproj", "{1150BAD9-8387-4634-B6E6-122730300402}"
EndProject
Global
	GlobalSection(SolutionConfigurationPlatforms) = preSolution
		Debug|Any CPU = Debug|Any CPU
		Release|Any CPU = Release|Any CPU
	EndGlobalSection
	GlobalSection(ProjectConfigurationPlatforms) = postSolution
		{444A1C22-BF6B-4EA8-B747-62B5A5FABB2B}.Debug|Any CPU.ActiveCfg = Debug|Any CPU
		{444A1C22-BF6B-4EA8-B747-62B5A5FABB2B}.Debug|Any CPU.Build.0 = Debug|Any CPU
		{444A1C22-BF6B-4EA8-B747-62B5A5FABB2B}.Release|Any CPU.ActiveCfg = Release|Any CPU
		{444A1C22-BF6B-4EA8-B747-62B5A5FABB2B}.Release|Any CPU.Build.0 = Release|Any CPU
		{2681CEC0-9647-4EB4-BE2A-2A1C8BF875A6}.Debug|Any CPU.ActiveCfg = Debug|Any CPU
		{2681CEC0-9647-4EB4-BE2A-2A1C8BF875A6}.Debug|Any CPU.Build.0 = Debug|Any CPU
		{2681CEC0-9647-4EB4-BE2A-2A1C8BF875A6}.Release|Any CPU.ActiveCfg = Release|Any CPU
		{2681CEC0-9647-4EB4-BE2A-2A1C8BF875A6}.Release|Any CPU.Build.0 = Release|Any CPU
		{1150BAD9-8387-4634-B6E6-122730300402}.Debug|Any CPU.ActiveCfg = Debug|Any CPU
		{1150BAD9-8387-4634-B6E6-122730300402}.Debug|Any CPU.Build.0 = Debug|Any CPU
		{1150BAD9-8387-4634-B6E6-122730300402}.Release|Any CPU.ActiveCfg = Release|Any CPU
		{1150BAD9-8387-4634-B6E6-122730300402}.Release|Any CPU.Build.0 = Release|Any CPU
	EndGlobalSection
	GlobalSection(SolutionProperties) = preSolution
		HideSolutionNode = FALSE
	EndGlobalSection
	GlobalSection(ExtensibilityGlobals) = postSolution
		SolutionGuid = {EDB7546D-08E5-4748-9DFD-8A0B1BF5C2D9}
	EndGlobalSection
EndGlobal
